
Microsoft Visual Studio Solution File, Format Version 12.00
# Visual Studio Version 17
VisualStudioVersion = 17.13.35931.197 d17.13
MinimumVisualStudioVersion = 10.0.40219.1
Project("{FAE04EC0-301F-11D3-BF4B-00C04F79EFBC}") = "CapacitacionCertificacion", "CapacitacionCertificacion\CapacitacionCertificacion.csproj", "{E47B9E5D-8A25-411F-8F44-390A272E36F5}"
EndProject
Global
	GlobalSection(SolutionConfigurationPlatforms) = preSolution
		Debug|Any CPU = Debug|Any CPU
		Release|Any CPU = Release|Any CPU
	EndGlobalSection
	GlobalSection(ProjectConfigurationPlatforms) = postSolution
		{E47B9E5D-8A25-411F-8F44-390A272E36F5}.Debug|Any CPU.ActiveCfg = Debug|Any CPU
		{E47B9E5D-8A25-411F-8F44-390A272E36F5}.Debug|Any CPU.Build.0 = Debug|Any CPU
		{E47B9E5D-8A25-411F-8F44-390A272E36F5}.Release|Any CPU.ActiveCfg = Release|Any CPU
		{E47B9E5D-8A25-411F-8F44-390A272E36F5}.Release|Any CPU.Build.0 = Release|Any CPU
	EndGlobalSection
	GlobalSection(SolutionProperties) = preSolution
		HideSolutionNode = FALSE
	EndGlobalSection
	GlobalSection(ExtensibilityGlobals) = postSolution
		SolutionGuid = {99D38A86-EE02-45E6-B9AE-4C9079C6F4C2}
	EndGlobalSection
EndGlobal
